
Microsoft Visual Studio Solution File, Format Version 12.00
# Visual Studio Version 17
VisualStudioVersion = 17.5.33414.496
MinimumVisualStudioVersion = 10.0.40219.1
Project("{FAE04EC0-301F-11D3-BF4B-00C04F79EFBC}") = "method", "method\method.csproj", "{D4F0C478-DD21-4EB7-9E34-348F833AB1F8}"
EndProject
Global
	GlobalSection(SolutionConfigurationPlatforms) = preSolution
		Debug|Any CPU = Debug|Any CPU
		Release|Any CPU = Release|Any CPU
	EndGlobalSection
	GlobalSection(ProjectConfigurationPlatforms) = postSolution
		{D4F0C478-DD21-4EB7-9E34-348F833AB1F8}.Debug|Any CPU.ActiveCfg = Debug|Any CPU
		{D4F0C478-DD21-4EB7-9E34-348F833AB1F8}.Debug|Any CPU.Build.0 = Debug|Any CPU
		{D4F0C478-DD21-4EB7-9E34-348F833AB1F8}.Release|Any CPU.ActiveCfg = Release|Any CPU
		{D4F0C478-DD21-4EB7-9E34-348F833AB1F8}.Release|Any CPU.Build.0 = Release|Any CPU
	EndGlobalSection
	GlobalSection(SolutionProperties) = preSolution
		HideSolutionNode = FALSE
	EndGlobalSection
	GlobalSection(ExtensibilityGlobals) = postSolution
		SolutionGuid = {5BAA2ACD-A9BA-4F5F-B905-312CFA3471B5}
	EndGlobalSection
EndGlobal
